
Microsoft Visual Studio Solution File, Format Version 12.00
# Visual Studio 15
VisualStudioVersion = 15.0.27130.2027
MinimumVisualStudioVersion = 10.0.40219.1
Project("{9A19103F-16F7-4668-BE54-9A1E7A4F7556}") = "Todo.Api", "Todo.Api\Todo.Api.csproj", "{47CBDFAD-FDE3-4530-BE98-48335DB481A7}"
EndProject
Project("{FAE04EC0-301F-11D3-BF4B-00C04F79EFBC}") = "Todo.Domain", "Todo.Domain\Todo.Domain.csproj", "{EB92833E-AFD7-457A-A25B-0F614B22917F}"
EndProject
Project("{2150E333-8FDC-42A3-9474-1A3956D46DE8}") = "Tests", "Tests", "{4706AF3C-48A1-4593-AE4D-8A03CEC8E2D9}"
EndProject
Project("{FAE04EC0-301F-11D3-BF4B-00C04F79EFBC}") = "Todo.Domain.Tests", "Todo.Domain.Tests\Todo.Domain.Tests.csproj", "{56688575-7983-49E1-85BA-E59AF5EE593A}"
EndProject
Global
	GlobalSection(SolutionConfigurationPlatforms) = preSolution
		Debug|Any CPU = Debug|Any CPU
		Release|Any CPU = Release|Any CPU
	EndGlobalSection
	GlobalSection(ProjectConfigurationPlatforms) = postSolution
		{47CBDFAD-FDE3-4530-BE98-48335DB481A7}.Debug|Any CPU.ActiveCfg = Debug|Any CPU
		{47CBDFAD-FDE3-4530-BE98-48335DB481A7}.Debug|Any CPU.Build.0 = Debug|Any CPU
		{47CBDFAD-FDE3-4530-BE98-48335DB481A7}.Release|Any CPU.ActiveCfg = Release|Any CPU
		{47CBDFAD-FDE3-4530-BE98-48335DB481A7}.Release|Any CPU.Build.0 = Release|Any CPU
		{EB92833E-AFD7-457A-A25B-0F614B22917F}.Debug|Any CPU.ActiveCfg = Debug|Any CPU
		{EB92833E-AFD7-457A-A25B-0F614B22917F}.Debug|Any CPU.Build.0 = Debug|Any CPU
		{EB92833E-AFD7-457A-A25B-0F614B22917F}.Release|Any CPU.ActiveCfg = Release|Any CPU
		{EB92833E-AFD7-457A-A25B-0F614B22917F}.Release|Any CPU.Build.0 = Release|Any CPU
		{56688575-7983-49E1-85BA-E59AF5EE593A}.Debug|Any CPU.ActiveCfg = Debug|Any CPU
		{56688575-7983-49E1-85BA-E59AF5EE593A}.Debug|Any CPU.Build.0 = Debug|Any CPU
		{56688575-7983-49E1-85BA-E59AF5EE593A}.Release|Any CPU.ActiveCfg = Release|Any CPU
		{56688575-7983-49E1-85BA-E59AF5EE593A}.Release|Any CPU.Build.0 = Release|Any CPU
	EndGlobalSection
	GlobalSection(SolutionProperties) = preSolution
		HideSolutionNode = FALSE
	EndGlobalSection
	GlobalSection(NestedProjects) = preSolution
		{56688575-7983-49E1-85BA-E59AF5EE593A} = {4706AF3C-48A1-4593-AE4D-8A03CEC8E2D9}
	EndGlobalSection
	GlobalSection(ExtensibilityGlobals) = postSolution
		SolutionGuid = {09C008C3-A6D0-44F6-9D8B-8EDF1941C932}
	EndGlobalSection
EndGlobal
